{
  "version": 4,
  "terraform_version": "1.2.9",
  "serial": 1034,
  "lineage": "89505a9b-088c-7dc6-730b-80505259df00",
  "outputs": {},
  "resources": [
    {
      "module": "module.aft",
      "mode": "data",
      "type": "aws_partition",
      "name": "current",
      "provider": "provider[\"registry.terraform.io/hashicorp/aws\"]",
      "instances": [
        {
          "schema_version": 0,
          "attributes": {
            "dns_suffix": "amazonaws.com",
            "id": "aws",
            "partition": "aws",
            "reverse_dns_prefix": "com.amazonaws"
          },
          "sensitive_attributes": []
        }
      ]
    },
    {
      "module": "module.aft.module.aft_account_request_framework",
      "mode": "managed",
      "type": "aws_backup_vault",
      "name": "aft_controltower_backup_vault",
      "provider": "module.aft.provider[\"registry.terraform.io/hashicorp/aws\"].aft_management",
      "instances": [
        {
          "schema_version": 0,
          "attributes": {
            "arn": "arn:aws:backup:us-east-1:425040721490:backup-vault:aft-controltower-backup-vault",
            "force_destroy": false,
            "id": "aft-controltower-backup-vault",
            "kms_key_arn": "arn:aws:kms:us-east-1:425040721490:key/be86fffa-e860-4249-b2ac-f9a8d4df5efa",
            "name": "aft-controltower-backup-vault",
            "recovery_points": 82,
            "tags": {},
            "tags_all": {
              "managed_by": "AFT"
            },
            "timeouts": null
          },
          "sensitive_attributes": [],
          "private": "eyJlMmJmYjczMC1lY2FhLTExZTYtOGY4OC0zNDM2M2JjN2M0YzAiOnsiZGVsZXRlIjo2MDAwMDAwMDAwMDB9fQ==",
          "dependencies": [
            "module.aft.data.aws_partition.current",
            "module.aft.module.aft_account_request_framework.aws_kms_key.aft"
          ]
        }
      ]
    },
    {
      "module": "module.aft.module.aft_account_request_framework",
      "mode": "managed",
      "type": "aws_kms_key",
      "name": "aft",
      "provider": "module.aft.provider[\"registry.terraform.io/hashicorp/aws\"].aft_management",
      "instances": [
        {
          "schema_version": 0,
          "attributes": {
            "arn": "arn:aws:kms:us-east-1:425040721490:key/be86fffa-e860-4249-b2ac-f9a8d4df5efa",
            "bypass_policy_lockout_safety_check": false,
            "customer_master_key_spec": "SYMMETRIC_DEFAULT",
            "deletion_window_in_days": null,
            "description": "AFT KMS key",
            "enable_key_rotation": true,
            "id": "be86fffa-e860-4249-b2ac-f9a8d4df5efa",
            "is_enabled": true,
            "key_id": "be86fffa-e860-4249-b2ac-f9a8d4df5efa",
            "key_usage": "ENCRYPT_DECRYPT",
            "multi_region": false,
            "policy": "{\"Id\":\"key-default-1\",\"Statement\":[{\"Action\":\"kms:*\",\"Effect\":\"Allow\",\"Principal\":{\"AWS\":\"arn:aws:iam::425040721490:root\"},\"Resource\":\"*\",\"Sid\":\"Enable IAM User Permissions\"}],\"Version\":\"2012-10-17\"}",
            "tags": {},
            "tags_all": {
              "managed_by": "AFT"
            }
          },
          "sensitive_attributes": [],
          "private": "bnVsbA==",
          "dependencies": [
            "module.aft.data.aws_partition.current"
          ],
          "create_before_destroy": true
        }
      ]
    }
  ]
}
